{
  "nodes": {
    "nixpkgs": {
      "locked": {
        "lastModified": 1781160751,
        "narHash": "sha256-dBIyf+gg33Fr1jdITRfENTALHUtMtLxBAyMqSq5ZGus=",
        "ref": "nixos-unstable-small",
        "rev": "e4ade1db48ff481708436f206a377be351a38974",
        "shallow": true,
        "type": "git",
        "url": "https://github.com/NixOS/nixpkgs.git"
      },
      "original": {
        "ref": "nixos-unstable-small",
        "shallow": true,
        "type": "git",
        "url": "https://github.com/NixOS/nixpkgs.git"
      }
    },
    "root": {
      "inputs": {
        "nixpkgs": "nixpkgs"
      }
    }
  },
  "root": "root",
  "version": 7
}
