{
  "nodes": {
    "nixpkgs": {
      "locked": {
        "lastModified": 1780567460,
        "narHash": "sha256-MBjOVsZ/muhkBdLaBkiJyIa+Et3HTmJYGCjfsVTeBH8=",
        "ref": "nixos-unstable-small",
        "rev": "3fbe2b9a53598b72d185b2b67c64159a066b8083",
        "shallow": true,
        "type": "git",
        "url": "https://github.com/NixOS/nixpkgs.git"
      },
      "original": {
        "ref": "nixos-unstable-small",
        "shallow": true,
        "type": "git",
        "url": "https://github.com/NixOS/nixpkgs.git"
      }
    },
    "root": {
      "inputs": {
        "nixpkgs": "nixpkgs"
      }
    }
  },
  "root": "root",
  "version": 7
}
