{
  "nodes": {
    "nixpkgs": {
      "locked": {
        "lastModified": 1779393170,
        "narHash": "sha256-VgUdXsnK6v3iO+hFqc0w3EEEAj+q/BxpOBXS9H1wq/A=",
        "ref": "nixos-unstable-small",
        "rev": "f63936d79dd618842dcf87d6c8b2917cf7445345",
        "shallow": true,
        "type": "git",
        "url": "https://github.com/NixOS/nixpkgs.git"
      },
      "original": {
        "ref": "nixos-unstable-small",
        "shallow": true,
        "type": "git",
        "url": "https://github.com/NixOS/nixpkgs.git"
      }
    },
    "root": {
      "inputs": {
        "nixpkgs": "nixpkgs"
      }
    }
  },
  "root": "root",
  "version": 7
}
